
Microsoft Visual Studio Solution File, Format Version 12.00
# Visual Studio 15
VisualStudioVersion = 15.0.28010.2050
MinimumVisualStudioVersion = 10.0.40219.1
Project("{FAE04EC0-301F-11D3-BF4B-00C04F79EFBC}") = "WebStore", "WebStore\WebStore.csproj", "{D3F6DDF3-7647-4454-A1A1-2E1BAA00991F}"
EndProject
Global
	GlobalSection(SolutionConfigurationPlatforms) = preSolution
		Debug|Any CPU = Debug|Any CPU
		Release|Any CPU = Release|Any CPU
	EndGlobalSection
	GlobalSection(ProjectConfigurationPlatforms) = postSolution
		{D3F6DDF3-7647-4454-A1A1-2E1BAA00991F}.Debug|Any CPU.ActiveCfg = Debug|Any CPU
		{D3F6DDF3-7647-4454-A1A1-2E1BAA00991F}.Debug|Any CPU.Build.0 = Debug|Any CPU
		{D3F6DDF3-7647-4454-A1A1-2E1BAA00991F}.Release|Any CPU.ActiveCfg = Release|Any CPU
		{D3F6DDF3-7647-4454-A1A1-2E1BAA00991F}.Release|Any CPU.Build.0 = Release|Any CPU
	EndGlobalSection
	GlobalSection(SolutionProperties) = preSolution
		HideSolutionNode = FALSE
	EndGlobalSection
	GlobalSection(ExtensibilityGlobals) = postSolution
		SolutionGuid = {62312BDE-8C2E-46A5-84B9-C0F8F4528A73}
	EndGlobalSection
EndGlobal
